
Microsoft Visual Studio Solution File, Format Version 12.00
# Visual Studio 15
VisualStudioVersion = 15.0.27130.2003
MinimumVisualStudioVersion = 10.0.40219.1
Project("{FAE04EC0-301F-11D3-BF4B-00C04F79EFBC}") = "Kontokorrent", "Kontokorrent\Kontokorrent.csproj", "{485F136F-8BA1-4BC2-9D16-835001B7DC7D}"
EndProject
Global
	GlobalSection(SolutionConfigurationPlatforms) = preSolution
		Debug|Any CPU = Debug|Any CPU
		Release|Any CPU = Release|Any CPU
	EndGlobalSection
	GlobalSection(ProjectConfigurationPlatforms) = postSolution
		{485F136F-8BA1-4BC2-9D16-835001B7DC7D}.Debug|Any CPU.ActiveCfg = Debug|Any CPU
		{485F136F-8BA1-4BC2-9D16-835001B7DC7D}.Debug|Any CPU.Build.0 = Debug|Any CPU
		{485F136F-8BA1-4BC2-9D16-835001B7DC7D}.Release|Any CPU.ActiveCfg = Release|Any CPU
		{485F136F-8BA1-4BC2-9D16-835001B7DC7D}.Release|Any CPU.Build.0 = Release|Any CPU
	EndGlobalSection
	GlobalSection(SolutionProperties) = preSolution
		HideSolutionNode = FALSE
	EndGlobalSection
	GlobalSection(ExtensibilityGlobals) = postSolution
		SolutionGuid = {79D3722B-D486-43F0-9F03-6D142F315431}
	EndGlobalSection
EndGlobal
